Microsoft Visual Studio Solution File, Format Version 12.00
# Visual Studio 15
VisualStudioVersion = 15.0.28307.168
MinimumVisualStudioVersion = 10.0.40219.1
Project("{FAE04EC0-301F-11D3-BF4B-00C04F79EFBC}") = "CsvUpdateDemo", "CsvUpdateDemo\CsvUpdateDemo.csproj", "{2E7C53AB-9F43-4E9C-9D7F-9B56E54E9D8B}"
EndProject
Global
	GlobalSection(SolutionConfigurationPlatforms) = preSolution
		Debug|Any CPU = Debug|Any CPU
		Release|Any CPU = Release|Any CPU
	EndGlobalSection
	GlobalSection(ProjectConfigurationPlatforms) = postSolution
		{2E7C53AB-9F43-4E9C-9D7F-9B56E54E9D8B}.Debug|Any CPU.ActiveCfg = Debug|x86
		{2E7C53AB-9F43-4E9C-9D7F-9B56E54E9D8B}.Release|Any CPU.ActiveCfg = Release|x86
	EndGlobalSection
	GlobalSection(SolutionProperties) = preSolution
		HideSolutionNode = FALSE
	EndGlobalSection
	GlobalSection(ExtensibilityGlobals) = postSolution
		SolutionGuid = {3F27F040-80CD-432F-9914-BD1429D26834}
	EndGlobalSection
EndGlobal
